
Microsoft Visual Studio Solution File, Format Version 12.00
# Visual Studio 2012
Project("{FAE04EC0-301F-11D3-BF4B-00C04F79EFBC}") = "reflect1.0", "reflect1.0\reflect1.0.csproj", "{8ABDFC4E-EE77-469B-B5BC-854BD635F48F}"
EndProject
Project("{FAE04EC0-301F-11D3-BF4B-00C04F79EFBC}") = "reflect1.1", "reflect1.1\reflect1.1.csproj", "{C786BB49-C095-4835-BAE4-4FDE25777ABE}"
EndProject
Project("{FAE04EC0-301F-11D3-BF4B-00C04F79EFBC}") = "reflect1.2", "reflect1.2\reflect1.2.csproj", "{2C22847F-6621-42BC-B391-0090781C19F5}"
EndProject
Global
	GlobalSection(SolutionConfigurationPlatforms) = preSolution
		Debug|Any CPU = Debug|Any CPU
		Release|Any CPU = Release|Any CPU
	EndGlobalSection
	GlobalSection(ProjectConfigurationPlatforms) = postSolution
		{8ABDFC4E-EE77-469B-B5BC-854BD635F48F}.Debug|Any CPU.ActiveCfg = Debug|Any CPU
		{8ABDFC4E-EE77-469B-B5BC-854BD635F48F}.Debug|Any CPU.Build.0 = Debug|Any CPU
		{8ABDFC4E-EE77-469B-B5BC-854BD635F48F}.Release|Any CPU.ActiveCfg = Release|Any CPU
		{8ABDFC4E-EE77-469B-B5BC-854BD635F48F}.Release|Any CPU.Build.0 = Release|Any CPU
		{C786BB49-C095-4835-BAE4-4FDE25777ABE}.Debug|Any CPU.ActiveCfg = Debug|Any CPU
		{C786BB49-C095-4835-BAE4-4FDE25777ABE}.Debug|Any CPU.Build.0 = Debug|Any CPU
		{C786BB49-C095-4835-BAE4-4FDE25777ABE}.Release|Any CPU.ActiveCfg = Release|Any CPU
		{C786BB49-C095-4835-BAE4-4FDE25777ABE}.Release|Any CPU.Build.0 = Release|Any CPU
		{2C22847F-6621-42BC-B391-0090781C19F5}.Debug|Any CPU.ActiveCfg = Debug|Any CPU
		{2C22847F-6621-42BC-B391-0090781C19F5}.Debug|Any CPU.Build.0 = Debug|Any CPU
		{2C22847F-6621-42BC-B391-0090781C19F5}.Release|Any CPU.ActiveCfg = Release|Any CPU
		{2C22847F-6621-42BC-B391-0090781C19F5}.Release|Any CPU.Build.0 = Release|Any CPU
	EndGlobalSection
	GlobalSection(SolutionProperties) = preSolution
		HideSolutionNode = FALSE
	EndGlobalSection
EndGlobal
